
Microsoft Visual Studio Solution File, Format Version 12.00
# Visual Studio Version 17
VisualStudioVersion = 17.0.31903.59
MinimumVisualStudioVersion = 10.0.40219.1
Project("{2150E333-8FDC-42A3-9474-1A3956D46DE8}") = "src", "src", "{F0870B8B-A820-4738-BBDA-691350D7AA0A}"
EndProject
Project("{FAE04EC0-301F-11D3-BF4B-00C04F79EFBC}") = "NuVatis.Core", "src\NuVatis.Core\NuVatis.Core.csproj", "{55FB60E4-6C05-490C-8B03-FD0D2543B1B0}"
EndProject
Project("{FAE04EC0-301F-11D3-BF4B-00C04F79EFBC}") = "NuVatis.Generators", "src\NuVatis.Generators\NuVatis.Generators.csproj", "{8C1CF45D-ED47-407A-B1A5-31DCD6219D08}"
EndProject
Project("{FAE04EC0-301F-11D3-BF4B-00C04F79EFBC}") = "NuVatis.PostgreSql", "src\NuVatis.PostgreSql\NuVatis.PostgreSql.csproj", "{696C04B0-3E9B-467F-B52D-E529139745BD}"
EndProject
Project("{FAE04EC0-301F-11D3-BF4B-00C04F79EFBC}") = "NuVatis.Extensions.DependencyInjection", "src\NuVatis.Extensions.DependencyInjection\NuVatis.Extensions.DependencyInjection.csproj", "{2C774616-6481-45D9-B5EE-DC489115B1DC}"
EndProject
Project("{2150E333-8FDC-42A3-9474-1A3956D46DE8}") = "tests", "tests", "{D4D03429-1790-4FBB-80AC-185D22920B72}"
EndProject
Project("{FAE04EC0-301F-11D3-BF4B-00C04F79EFBC}") = "NuVatis.Tests", "tests\NuVatis.Tests\NuVatis.Tests.csproj", "{669F1E47-0369-477D-8D1F-0FB7ACDFF6B0}"
EndProject
Project("{FAE04EC0-301F-11D3-BF4B-00C04F79EFBC}") = "NuVatis.Generators.Tests", "tests\NuVatis.Generators.Tests\NuVatis.Generators.Tests.csproj", "{1A49BBDF-C4FE-44BB-B6F7-85DF9770C666}"
EndProject
Project("{2150E333-8FDC-42A3-9474-1A3956D46DE8}") = "benchmarks", "benchmarks", "{3583E4BF-C8F8-4953-99C5-13109A273BCD}"
EndProject
Project("{FAE04EC0-301F-11D3-BF4B-00C04F79EFBC}") = "NuVatis.Benchmarks", "benchmarks\NuVatis.Benchmarks\NuVatis.Benchmarks.csproj", "{509A580E-05B4-44A1-8517-1FE635A75655}"
EndProject
Project("{2150E333-8FDC-42A3-9474-1A3956D46DE8}") = "samples", "samples", "{B49F0FC4-D675-4F54-9FE5-0C3ABB1BA41A}"
EndProject
Project("{FAE04EC0-301F-11D3-BF4B-00C04F79EFBC}") = "NuVatis.Sample", "samples\NuVatis.Sample\NuVatis.Sample.csproj", "{65289240-9AD8-4EB9-86F9-F8EB4613EB6F}"
EndProject
Project("{FAE04EC0-301F-11D3-BF4B-00C04F79EFBC}") = "NuVatis.Testing", "src\NuVatis.Testing\NuVatis.Testing.csproj", "{B0F7FE92-5045-4160-BA7C-9B94593F520C}"
EndProject
Project("{FAE04EC0-301F-11D3-BF4B-00C04F79EFBC}") = "NuVatis.MySql", "src\NuVatis.MySql\NuVatis.MySql.csproj", "{F97AC588-928D-4412-A861-CAD765C5B05B}"
EndProject
Project("{FAE04EC0-301F-11D3-BF4B-00C04F79EFBC}") = "NuVatis.SqlServer", "src\NuVatis.SqlServer\NuVatis.SqlServer.csproj", "{402D8E95-1B27-4E6C-A574-B595D63AE930}"
EndProject
Project("{FAE04EC0-301F-11D3-BF4B-00C04F79EFBC}") = "NuVatis.Extensions.OpenTelemetry", "src\NuVatis.Extensions.OpenTelemetry\NuVatis.Extensions.OpenTelemetry.csproj", "{19AA09FC-4818-4AB9-AF01-64CCA05BF585}"
EndProject
Project("{FAE04EC0-301F-11D3-BF4B-00C04F79EFBC}") = "NuVatis.Extensions.EntityFrameworkCore", "src\NuVatis.Extensions.EntityFrameworkCore\NuVatis.Extensions.EntityFrameworkCore.csproj", "{0FEA2E12-8315-4817-A2D3-C50D5245DECA}"
EndProject
Project("{FAE04EC0-301F-11D3-BF4B-00C04F79EFBC}") = "NuVatis.Sqlite", "src\NuVatis.Sqlite\NuVatis.Sqlite.csproj", "{C43B345C-9A15-47C4-B929-07663EA0C67A}"
EndProject
Project("{FAE04EC0-301F-11D3-BF4B-00C04F79EFBC}") = "NuVatis.Extensions.Aspire", "src\NuVatis.Extensions.Aspire\NuVatis.Extensions.Aspire.csproj", "{72A114A1-FC77-4558-BD6D-783D511B748C}"
EndProject
Global
	GlobalSection(SolutionConfigurationPlatforms) = preSolution
		Debug|Any CPU = Debug|Any CPU
		Release|Any CPU = Release|Any CPU
	EndGlobalSection
	GlobalSection(SolutionProperties) = preSolution
		HideSolutionNode = FALSE
	EndGlobalSection
	GlobalSection(ProjectConfigurationPlatforms) = postSolution
		{55FB60E4-6C05-490C-8B03-FD0D2543B1B0}.Debug|Any CPU.ActiveCfg = Debug|Any CPU
		{55FB60E4-6C05-490C-8B03-FD0D2543B1B0}.Debug|Any CPU.Build.0 = Debug|Any CPU
		{55FB60E4-6C05-490C-8B03-FD0D2543B1B0}.Release|Any CPU.ActiveCfg = Release|Any CPU
		{55FB60E4-6C05-490C-8B03-FD0D2543B1B0}.Release|Any CPU.Build.0 = Release|Any CPU
		{8C1CF45D-ED47-407A-B1A5-31DCD6219D08}.Debug|Any CPU.ActiveCfg = Debug|Any CPU
		{8C1CF45D-ED47-407A-B1A5-31DCD6219D08}.Debug|Any CPU.Build.0 = Debug|Any CPU
		{8C1CF45D-ED47-407A-B1A5-31DCD6219D08}.Release|Any CPU.ActiveCfg = Release|Any CPU
		{8C1CF45D-ED47-407A-B1A5-31DCD6219D08}.Release|Any CPU.Build.0 = Release|Any CPU
		{696C04B0-3E9B-467F-B52D-E529139745BD}.Debug|Any CPU.ActiveCfg = Debug|Any CPU
		{696C04B0-3E9B-467F-B52D-E529139745BD}.Debug|Any CPU.Build.0 = Debug|Any CPU
		{696C04B0-3E9B-467F-B52D-E529139745BD}.Release|Any CPU.ActiveCfg = Release|Any CPU
		{696C04B0-3E9B-467F-B52D-E529139745BD}.Release|Any CPU.Build.0 = Release|Any CPU
		{2C774616-6481-45D9-B5EE-DC489115B1DC}.Debug|Any CPU.ActiveCfg = Debug|Any CPU
		{2C774616-6481-45D9-B5EE-DC489115B1DC}.Debug|Any CPU.Build.0 = Debug|Any CPU
		{2C774616-6481-45D9-B5EE-DC489115B1DC}.Release|Any CPU.ActiveCfg = Release|Any CPU
		{2C774616-6481-45D9-B5EE-DC489115B1DC}.Release|Any CPU.Build.0 = Release|Any CPU
		{669F1E47-0369-477D-8D1F-0FB7ACDFF6B0}.Debug|Any CPU.ActiveCfg = Debug|Any CPU
		{669F1E47-0369-477D-8D1F-0FB7ACDFF6B0}.Debug|Any CPU.Build.0 = Debug|Any CPU
		{669F1E47-0369-477D-8D1F-0FB7ACDFF6B0}.Release|Any CPU.ActiveCfg = Release|Any CPU
		{669F1E47-0369-477D-8D1F-0FB7ACDFF6B0}.Release|Any CPU.Build.0 = Release|Any CPU
		{1A49BBDF-C4FE-44BB-B6F7-85DF9770C666}.Debug|Any CPU.ActiveCfg = Debug|Any CPU
		{1A49BBDF-C4FE-44BB-B6F7-85DF9770C666}.Debug|Any CPU.Build.0 = Debug|Any CPU
		{1A49BBDF-C4FE-44BB-B6F7-85DF9770C666}.Release|Any CPU.ActiveCfg = Release|Any CPU
		{1A49BBDF-C4FE-44BB-B6F7-85DF9770C666}.Release|Any CPU.Build.0 = Release|Any CPU
		{509A580E-05B4-44A1-8517-1FE635A75655}.Debug|Any CPU.ActiveCfg = Debug|Any CPU
		{509A580E-05B4-44A1-8517-1FE635A75655}.Debug|Any CPU.Build.0 = Debug|Any CPU
		{509A580E-05B4-44A1-8517-1FE635A75655}.Release|Any CPU.ActiveCfg = Release|Any CPU
		{509A580E-05B4-44A1-8517-1FE635A75655}.Release|Any CPU.Build.0 = Release|Any CPU
		{65289240-9AD8-4EB9-86F9-F8EB4613EB6F}.Debug|Any CPU.ActiveCfg = Debug|Any CPU
		{65289240-9AD8-4EB9-86F9-F8EB4613EB6F}.Debug|Any CPU.Build.0 = Debug|Any CPU
		{65289240-9AD8-4EB9-86F9-F8EB4613EB6F}.Release|Any CPU.ActiveCfg = Release|Any CPU
		{65289240-9AD8-4EB9-86F9-F8EB4613EB6F}.Release|Any CPU.Build.0 = Release|Any CPU
		{B0F7FE92-5045-4160-BA7C-9B94593F520C}.Debug|Any CPU.ActiveCfg = Debug|Any CPU
		{B0F7FE92-5045-4160-BA7C-9B94593F520C}.Debug|Any CPU.Build.0 = Debug|Any CPU
		{B0F7FE92-5045-4160-BA7C-9B94593F520C}.Release|Any CPU.ActiveCfg = Release|Any CPU
		{B0F7FE92-5045-4160-BA7C-9B94593F520C}.Release|Any CPU.Build.0 = Release|Any CPU
		{F97AC588-928D-4412-A861-CAD765C5B05B}.Debug|Any CPU.ActiveCfg = Debug|Any CPU
		{F97AC588-928D-4412-A861-CAD765C5B05B}.Debug|Any CPU.Build.0 = Debug|Any CPU
		{F97AC588-928D-4412-A861-CAD765C5B05B}.Release|Any CPU.ActiveCfg = Release|Any CPU
		{F97AC588-928D-4412-A861-CAD765C5B05B}.Release|Any CPU.Build.0 = Release|Any CPU
		{402D8E95-1B27-4E6C-A574-B595D63AE930}.Debug|Any CPU.ActiveCfg = Debug|Any CPU
		{402D8E95-1B27-4E6C-A574-B595D63AE930}.Debug|Any CPU.Build.0 = Debug|Any CPU
		{402D8E95-1B27-4E6C-A574-B595D63AE930}.Release|Any CPU.ActiveCfg = Release|Any CPU
		{402D8E95-1B27-4E6C-A574-B595D63AE930}.Release|Any CPU.Build.0 = Release|Any CPU
		{19AA09FC-4818-4AB9-AF01-64CCA05BF585}.Debug|Any CPU.ActiveCfg = Debug|Any CPU
		{19AA09FC-4818-4AB9-AF01-64CCA05BF585}.Debug|Any CPU.Build.0 = Debug|Any CPU
		{19AA09FC-4818-4AB9-AF01-64CCA05BF585}.Release|Any CPU.ActiveCfg = Release|Any CPU
		{19AA09FC-4818-4AB9-AF01-64CCA05BF585}.Release|Any CPU.Build.0 = Release|Any CPU
		{0FEA2E12-8315-4817-A2D3-C50D5245DECA}.Debug|Any CPU.ActiveCfg = Debug|Any CPU
		{0FEA2E12-8315-4817-A2D3-C50D5245DECA}.Debug|Any CPU.Build.0 = Debug|Any CPU
		{0FEA2E12-8315-4817-A2D3-C50D5245DECA}.Release|Any CPU.ActiveCfg = Release|Any CPU
		{0FEA2E12-8315-4817-A2D3-C50D5245DECA}.Release|Any CPU.Build.0 = Release|Any CPU
		{C43B345C-9A15-47C4-B929-07663EA0C67A}.Debug|Any CPU.ActiveCfg = Debug|Any CPU
		{C43B345C-9A15-47C4-B929-07663EA0C67A}.Debug|Any CPU.Build.0 = Debug|Any CPU
		{C43B345C-9A15-47C4-B929-07663EA0C67A}.Release|Any CPU.ActiveCfg = Release|Any CPU
		{C43B345C-9A15-47C4-B929-07663EA0C67A}.Release|Any CPU.Build.0 = Release|Any CPU
		{72A114A1-FC77-4558-BD6D-783D511B748C}.Debug|Any CPU.ActiveCfg = Debug|Any CPU
		{72A114A1-FC77-4558-BD6D-783D511B748C}.Debug|Any CPU.Build.0 = Debug|Any CPU
		{72A114A1-FC77-4558-BD6D-783D511B748C}.Release|Any CPU.ActiveCfg = Release|Any CPU
		{72A114A1-FC77-4558-BD6D-783D511B748C}.Release|Any CPU.Build.0 = Release|Any CPU
	EndGlobalSection
	GlobalSection(NestedProjects) = preSolution
		{55FB60E4-6C05-490C-8B03-FD0D2543B1B0} = {F0870B8B-A820-4738-BBDA-691350D7AA0A}
		{8C1CF45D-ED47-407A-B1A5-31DCD6219D08} = {F0870B8B-A820-4738-BBDA-691350D7AA0A}
		{696C04B0-3E9B-467F-B52D-E529139745BD} = {F0870B8B-A820-4738-BBDA-691350D7AA0A}
		{2C774616-6481-45D9-B5EE-DC489115B1DC} = {F0870B8B-A820-4738-BBDA-691350D7AA0A}
		{669F1E47-0369-477D-8D1F-0FB7ACDFF6B0} = {D4D03429-1790-4FBB-80AC-185D22920B72}
		{1A49BBDF-C4FE-44BB-B6F7-85DF9770C666} = {D4D03429-1790-4FBB-80AC-185D22920B72}
		{509A580E-05B4-44A1-8517-1FE635A75655} = {3583E4BF-C8F8-4953-99C5-13109A273BCD}
		{65289240-9AD8-4EB9-86F9-F8EB4613EB6F} = {B49F0FC4-D675-4F54-9FE5-0C3ABB1BA41A}
		{B0F7FE92-5045-4160-BA7C-9B94593F520C} = {F0870B8B-A820-4738-BBDA-691350D7AA0A}
		{F97AC588-928D-4412-A861-CAD765C5B05B} = {F0870B8B-A820-4738-BBDA-691350D7AA0A}
		{402D8E95-1B27-4E6C-A574-B595D63AE930} = {F0870B8B-A820-4738-BBDA-691350D7AA0A}
		{19AA09FC-4818-4AB9-AF01-64CCA05BF585} = {F0870B8B-A820-4738-BBDA-691350D7AA0A}
		{0FEA2E12-8315-4817-A2D3-C50D5245DECA} = {F0870B8B-A820-4738-BBDA-691350D7AA0A}
		{C43B345C-9A15-47C4-B929-07663EA0C67A} = {F0870B8B-A820-4738-BBDA-691350D7AA0A}
		{72A114A1-FC77-4558-BD6D-783D511B748C} = {F0870B8B-A820-4738-BBDA-691350D7AA0A}
	EndGlobalSection
EndGlobal
